github.com/yoheimuta/go-protoparser v0.0.0-20181213003102-cbae981825a8 h1:td0Uhvwjh1VsQFowvXBLyWYKX9k9EWGNbJN/nq/k5NE=
github.com/yoheimuta/go-protoparser v0.0.0-20181213003102-cbae981825a8/go.mod h1:NMMDARGayMyLM9oD1JUgKyF1Tv7aj9S+KcTG4lqvemo=
github.com/yoheimuta/go-protoparser v0.0.0-20181218233413-7e7d7cafe0f0 h1:7eLaFKcoMGMaY39zCxiyWq8E7FcYEIViOXX8E3BtW3g=
github.com/yoheimuta/go-protoparser v0.0.0-20181218233413-7e7d7cafe0f0/go.mod h1:NMMDARGayMyLM9oD1JUgKyF1Tv7aj9S+KcTG4lqvemo=
